
Microsoft Visual Studio Solution File, Format Version 12.00
# Visual Studio Version 17
VisualStudioVersion = 17.10.35013.160
MinimumVisualStudioVersion = 10.0.40219.1
Project("{FAE04EC0-301F-11D3-BF4B-00C04F79EFBC}") = "ChatApp", "ChatApp\ChatApp.csproj", "{57327959-37E3-4BA7-8E17-6E6C898F2EC4}"
EndProject
Project("{E53339B2-1760-4266-BCC7-CA923CBCF16C}") = "docker-compose", "docker-compose.dcproj", "{5CF52148-4868-4530-890F-993C2A40AE56}"
EndProject
Global
	GlobalSection(SolutionConfigurationPlatforms) = preSolution
		Debug|Any CPU = Debug|Any CPU
		Release|Any CPU = Release|Any CPU
	EndGlobalSection
	GlobalSection(ProjectConfigurationPlatforms) = postSolution
		{57327959-37E3-4BA7-8E17-6E6C898F2EC4}.Debug|Any CPU.ActiveCfg = Debug|Any CPU
		{57327959-37E3-4BA7-8E17-6E6C898F2EC4}.Debug|Any CPU.Build.0 = Debug|Any CPU
		{57327959-37E3-4BA7-8E17-6E6C898F2EC4}.Release|Any CPU.ActiveCfg = Release|Any CPU
		{57327959-37E3-4BA7-8E17-6E6C898F2EC4}.Release|Any CPU.Build.0 = Release|Any CPU
		{5CF52148-4868-4530-890F-993C2A40AE56}.Debug|Any CPU.ActiveCfg = Debug|Any CPU
		{5CF52148-4868-4530-890F-993C2A40AE56}.Debug|Any CPU.Build.0 = Debug|Any CPU
		{5CF52148-4868-4530-890F-993C2A40AE56}.Release|Any CPU.ActiveCfg = Release|Any CPU
		{5CF52148-4868-4530-890F-993C2A40AE56}.Release|Any CPU.Build.0 = Release|Any CPU
	EndGlobalSection
	GlobalSection(SolutionProperties) = preSolution
		HideSolutionNode = FALSE
	EndGlobalSection
	GlobalSection(ExtensibilityGlobals) = postSolution
		SolutionGuid = {920F1567-26A6-4B65-B9DB-4C801623DA10}
	EndGlobalSection
EndGlobal
